
Microsoft Visual Studio Solution File, Format Version 12.00
# Visual Studio Version 17
VisualStudioVersion = 17.11.35303.130
MinimumVisualStudioVersion = 10.0.40219.1
Project("{FAE04EC0-301F-11D3-BF4B-00C04F79EFBC}") = "FinalProject", "FinalProject.csproj", "{D43C022D-2B28-4DCD-9FE1-25C659A54950}"
EndProject
Global
	GlobalSection(SolutionConfigurationPlatforms) = preSolution
		Debug|Any CPU = Debug|Any CPU
		Release|Any CPU = Release|Any CPU
	EndGlobalSection
	GlobalSection(ProjectConfigurationPlatforms) = postSolution
		{D43C022D-2B28-4DCD-9FE1-25C659A54950}.Debug|Any CPU.ActiveCfg = Debug|Any CPU
		{D43C022D-2B28-4DCD-9FE1-25C659A54950}.Debug|Any CPU.Build.0 = Debug|Any CPU
		{D43C022D-2B28-4DCD-9FE1-25C659A54950}.Release|Any CPU.ActiveCfg = Release|Any CPU
		{D43C022D-2B28-4DCD-9FE1-25C659A54950}.Release|Any CPU.Build.0 = Release|Any CPU
	EndGlobalSection
	GlobalSection(SolutionProperties) = preSolution
		HideSolutionNode = FALSE
	EndGlobalSection
	GlobalSection(ExtensibilityGlobals) = postSolution
		SolutionGuid = {8679C6DD-E236-408E-BBA0-8E5F13BD1671}
	EndGlobalSection
EndGlobal
